
Microsoft Visual Studio Solution File, Format Version 12.00
# Visual Studio Version 17
VisualStudioVersion = 17.13.35825.156 d17.13
MinimumVisualStudioVersion = 10.0.40219.1
Project("{888888A0-9F3D-457C-B088-3A5042F75D52}") = "deepvoid", "deepvoid\deepvoid.pyproj", "{252F7E89-30C8-461D-964E-E65342B4798D}"
EndProject
Global
	GlobalSection(SolutionConfigurationPlatforms) = preSolution
		Debug|Any CPU = Debug|Any CPU
		Release|Any CPU = Release|Any CPU
	EndGlobalSection
	GlobalSection(ProjectConfigurationPlatforms) = postSolution
		{252F7E89-30C8-461D-964E-E65342B4798D}.Debug|Any CPU.ActiveCfg = Debug|Any CPU
		{252F7E89-30C8-461D-964E-E65342B4798D}.Debug|Any CPU.Build.0 = Debug|Any CPU
		{252F7E89-30C8-461D-964E-E65342B4798D}.Release|Any CPU.ActiveCfg = Release|Any CPU
		{252F7E89-30C8-461D-964E-E65342B4798D}.Release|Any CPU.Build.0 = Release|Any CPU
	EndGlobalSection
	GlobalSection(SolutionProperties) = preSolution
		HideSolutionNode = FALSE
	EndGlobalSection
	GlobalSection(ExtensibilityGlobals) = postSolution
		SolutionGuid = {5D573925-F598-447B-8069-7E95092F0267}
	EndGlobalSection
EndGlobal
